
Microsoft Visual Studio Solution File, Format Version 12.00
# Visual Studio 2012
Project("{FAE04EC0-301F-11D3-BF4B-00C04F79EFBC}") = "TP3_Threads_Background_Worker", "TP3_Threads_Background_Worker\TP3_Threads_Background_Worker.csproj", "{980C1AD6-4793-4457-9B98-5362929DACE4}"
EndProject
Global
	GlobalSection(SolutionConfigurationPlatforms) = preSolution
		Debug|Any CPU = Debug|Any CPU
		Release|Any CPU = Release|Any CPU
	EndGlobalSection
	GlobalSection(ProjectConfigurationPlatforms) = postSolution
		{980C1AD6-4793-4457-9B98-5362929DACE4}.Debug|Any CPU.ActiveCfg = Debug|Any CPU
		{980C1AD6-4793-4457-9B98-5362929DACE4}.Debug|Any CPU.Build.0 = Debug|Any CPU
		{980C1AD6-4793-4457-9B98-5362929DACE4}.Release|Any CPU.ActiveCfg = Release|Any CPU
		{980C1AD6-4793-4457-9B98-5362929DACE4}.Release|Any CPU.Build.0 = Release|Any CPU
	EndGlobalSection
	GlobalSection(SolutionProperties) = preSolution
		HideSolutionNode = FALSE
	EndGlobalSection
EndGlobal
